
Microsoft Visual Studio Solution File, Format Version 12.00
# Visual Studio Version 17
VisualStudioVersion = 17.0.31903.59
MinimumVisualStudioVersion = 10.0.40219.1
Project("{9A19103F-16F7-4668-BE54-9A1E7A4F7556}") = "HttpProgramming.ManualRestApi", "HttpProgramming.ManualRestApi\HttpProgramming.ManualRestApi.csproj", "{3D87D7F0-091E-4DD5-8813-5273A97A20DC}"
EndProject
Project("{9A19103F-16F7-4668-BE54-9A1E7A4F7556}") = "HttpProgramming.Model", "HttpProgramming.Model\HttpProgramming.Model.csproj", "{C5EADB68-9279-4C9D-AC30-27979E93940B}"
EndProject
Project("{9A19103F-16F7-4668-BE54-9A1E7A4F7556}") = "HttpProgramming.WebApi", "HttpProgramming.WebApi\HttpProgramming.WebApi.csproj", "{6B755334-B6E8-4C9C-92C9-7491566F042A}"
EndProject
Project("{FAE04EC0-301F-11D3-BF4B-00C04F79EFBC}") = "HttpProgramming.ManualStaticServer", "HttpProgramming.ManualStaticServer\HttpProgramming.ManualStaticServer.csproj", "{18BD9CDE-D425-481A-81F5-445B193AC0AB}"
EndProject
Global
	GlobalSection(SolutionConfigurationPlatforms) = preSolution
		Debug|Any CPU = Debug|Any CPU
		Release|Any CPU = Release|Any CPU
	EndGlobalSection
	GlobalSection(ProjectConfigurationPlatforms) = postSolution
		{3D87D7F0-091E-4DD5-8813-5273A97A20DC}.Debug|Any CPU.ActiveCfg = Debug|Any CPU
		{3D87D7F0-091E-4DD5-8813-5273A97A20DC}.Debug|Any CPU.Build.0 = Debug|Any CPU
		{3D87D7F0-091E-4DD5-8813-5273A97A20DC}.Release|Any CPU.ActiveCfg = Release|Any CPU
		{3D87D7F0-091E-4DD5-8813-5273A97A20DC}.Release|Any CPU.Build.0 = Release|Any CPU
		{C5EADB68-9279-4C9D-AC30-27979E93940B}.Debug|Any CPU.ActiveCfg = Debug|Any CPU
		{C5EADB68-9279-4C9D-AC30-27979E93940B}.Debug|Any CPU.Build.0 = Debug|Any CPU
		{C5EADB68-9279-4C9D-AC30-27979E93940B}.Release|Any CPU.ActiveCfg = Release|Any CPU
		{C5EADB68-9279-4C9D-AC30-27979E93940B}.Release|Any CPU.Build.0 = Release|Any CPU
		{6B755334-B6E8-4C9C-92C9-7491566F042A}.Debug|Any CPU.ActiveCfg = Debug|Any CPU
		{6B755334-B6E8-4C9C-92C9-7491566F042A}.Debug|Any CPU.Build.0 = Debug|Any CPU
		{6B755334-B6E8-4C9C-92C9-7491566F042A}.Release|Any CPU.ActiveCfg = Release|Any CPU
		{6B755334-B6E8-4C9C-92C9-7491566F042A}.Release|Any CPU.Build.0 = Release|Any CPU
		{18BD9CDE-D425-481A-81F5-445B193AC0AB}.Debug|Any CPU.ActiveCfg = Debug|Any CPU
		{18BD9CDE-D425-481A-81F5-445B193AC0AB}.Debug|Any CPU.Build.0 = Debug|Any CPU
		{18BD9CDE-D425-481A-81F5-445B193AC0AB}.Release|Any CPU.ActiveCfg = Release|Any CPU
		{18BD9CDE-D425-481A-81F5-445B193AC0AB}.Release|Any CPU.Build.0 = Release|Any CPU
	EndGlobalSection
	GlobalSection(SolutionProperties) = preSolution
		HideSolutionNode = FALSE
	EndGlobalSection
	GlobalSection(ExtensibilityGlobals) = postSolution
		SolutionGuid = {881E867F-F03F-4BB3-AC7F-9B0ADC5BEB7E}
	EndGlobalSection
EndGlobal
